{
    "_meta": {
        "hash": {
            "sha256": "6dcdd37e892b4cfa8b51b5d64d0fd5ad49c3ecec1226f9c2d424548a27cb8578"
        },
        "host-environment-markers": {
            "implementation_name": "cpython",
            "implementation_version": "3.6.3",
            "os_name": "posix",
            "platform_machine": "x86_64",
            "platform_python_implementation": "CPython",
            "platform_release": "17.3.0",
            "platform_system": "Darwin",
            "platform_version": "Darwin Kernel Version 17.3.0: Thu Nov  9 18:09:22 PST 2017; root:xnu-4570.31.3~1/RELEASE_X86_64",
            "python_full_version": "3.6.3",
            "python_version": "3.6",
            "sys_platform": "darwin"
        },
        "pipfile-spec": 6,
        "requires": {
            "python_version": "3.6"
        },
        "sources": [
            {
                "name": "pypi",
                "url": "https://pypi.python.org/simple",
                "verify_ssl": true
            }
        ]
    },
    "default": {
        "certifi": {
            "hashes": [
                "sha256:244be0d93b71e93fc0a0a479862051414d0e00e16435707e5bf5000f92e04694",
                "sha256:5ec74291ca1136b40f0379e1128ff80e866597e4e2c1e755739a913bbc3613c0"
            ],
            "version": "==2017.11.5"
        },
        "future": {
            "hashes": [
                "sha256:e39ced1ab767b5936646cedba8bcce582398233d6a627067d4c6a454c90cfedb"
            ],
            "version": "==0.16.0"
        },
        "python-telegram-bot": {
            "hashes": [
                "sha256:ca5e1d257702d194ad5a5a0e6ccffb31203f1f783bf1c5da60c128f083032c44",
                "sha256:f5c3233bea7c7adf165e31225bbe9f28717e9f1f5070ebe99a4757c31c27ab28"
            ],
            "version": "==9.0.0"
        }
    },
    "develop": {}
}
